
Microsoft Visual Studio Solution File, Format Version 12.00
# Visual Studio Version 16
VisualStudioVersion = 16.0.32901.82
MinimumVisualStudioVersion = 10.0.40219.1
Project("{FAE04EC0-301F-11D3-BF4B-00C04F79EFBC}") = "Tema2-FormatoTexto", "Tema2-FormatoTexto\Tema2-FormatoTexto.csproj", "{D88EE4B3-BE99-4BB6-9933-E426431424E8}"
EndProject
Global
	GlobalSection(SolutionConfigurationPlatforms) = preSolution
		Debug|Any CPU = Debug|Any CPU
		Release|Any CPU = Release|Any CPU
	EndGlobalSection
	GlobalSection(ProjectConfigurationPlatforms) = postSolution
		{D88EE4B3-BE99-4BB6-9933-E426431424E8}.Debug|Any CPU.ActiveCfg = Debug|Any CPU
		{D88EE4B3-BE99-4BB6-9933-E426431424E8}.Debug|Any CPU.Build.0 = Debug|Any CPU
		{D88EE4B3-BE99-4BB6-9933-E426431424E8}.Release|Any CPU.ActiveCfg = Release|Any CPU
		{D88EE4B3-BE99-4BB6-9933-E426431424E8}.Release|Any CPU.Build.0 = Release|Any CPU
	EndGlobalSection
	GlobalSection(SolutionProperties) = preSolution
		HideSolutionNode = FALSE
	EndGlobalSection
	GlobalSection(ExtensibilityGlobals) = postSolution
		SolutionGuid = {87792147-2D6E-472A-96ED-3A58C713D9C6}
	EndGlobalSection
EndGlobal
